
Microsoft Visual Studio Solution File, Format Version 12.00
# Visual Studio Version 17
VisualStudioVersion = 17.12.35527.113
MinimumVisualStudioVersion = 10.0.40219.1
Project("{FAE04EC0-301F-11D3-BF4B-00C04F79EFBC}") = "QBCustomer", "QBCustomer\QBCustomer.csproj", "{777F0718-6FCE-46EA-BE0F-EE75D0788C68}"
EndProject
Project("{FAE04EC0-301F-11D3-BF4B-00C04F79EFBC}") = "SBClient", "SBClient\SBClient.csproj", "{6B0B83D7-F336-4D00-B496-16D13579472F}"
EndProject
Global
	GlobalSection(SolutionConfigurationPlatforms) = preSolution
		Debug|Any CPU = Debug|Any CPU
		Release|Any CPU = Release|Any CPU
	EndGlobalSection
	GlobalSection(ProjectConfigurationPlatforms) = postSolution
		{777F0718-6FCE-46EA-BE0F-EE75D0788C68}.Debug|Any CPU.ActiveCfg = Debug|Any CPU
		{777F0718-6FCE-46EA-BE0F-EE75D0788C68}.Debug|Any CPU.Build.0 = Debug|Any CPU
		{777F0718-6FCE-46EA-BE0F-EE75D0788C68}.Release|Any CPU.ActiveCfg = Release|Any CPU
		{777F0718-6FCE-46EA-BE0F-EE75D0788C68}.Release|Any CPU.Build.0 = Release|Any CPU
		{6B0B83D7-F336-4D00-B496-16D13579472F}.Debug|Any CPU.ActiveCfg = Debug|Any CPU
		{6B0B83D7-F336-4D00-B496-16D13579472F}.Debug|Any CPU.Build.0 = Debug|Any CPU
		{6B0B83D7-F336-4D00-B496-16D13579472F}.Release|Any CPU.ActiveCfg = Release|Any CPU
		{6B0B83D7-F336-4D00-B496-16D13579472F}.Release|Any CPU.Build.0 = Release|Any CPU
	EndGlobalSection
	GlobalSection(SolutionProperties) = preSolution
		HideSolutionNode = FALSE
	EndGlobalSection
EndGlobal
